
Microsoft Visual Studio Solution File, Format Version 12.00
# Visual Studio 15
VisualStudioVersion = 15.0.28010.2050
MinimumVisualStudioVersion = 10.0.40219.1
Project("{888888A0-9F3D-457C-B088-3A5042F75D52}") = "SCC0230_S02_2018", "SCC0230_S02_2018.pyproj", "{122B3203-DBF1-419B-B067-FC3B246C70D5}"
EndProject
Global
	GlobalSection(SolutionConfigurationPlatforms) = preSolution
		Debug|Any CPU = Debug|Any CPU
		Release|Any CPU = Release|Any CPU
	EndGlobalSection
	GlobalSection(ProjectConfigurationPlatforms) = postSolution
		{122B3203-DBF1-419B-B067-FC3B246C70D5}.Debug|Any CPU.ActiveCfg = Debug|Any CPU
		{122B3203-DBF1-419B-B067-FC3B246C70D5}.Release|Any CPU.ActiveCfg = Release|Any CPU
	EndGlobalSection
	GlobalSection(SolutionProperties) = preSolution
		HideSolutionNode = FALSE
	EndGlobalSection
	GlobalSection(ExtensibilityGlobals) = postSolution
		SolutionGuid = {D97FED70-8C07-4001-B875-4D0E13A3CAA7}
	EndGlobalSection
EndGlobal
